
Microsoft Visual Studio Solution File, Format Version 12.00
# Visual Studio Version 16
VisualStudioVersion = 16.0.32106.194
MinimumVisualStudioVersion = 10.0.40219.1
Project("{FAE04EC0-301F-11D3-BF4B-00C04F79EFBC}") = "CreateModelPlugin_ver_2", "CreateModelPlugin_ver_2\CreateModelPlugin_ver_2.csproj", "{84617A39-B91A-452F-8432-A5E8A5E2E5B2}"
EndProject
Global
	GlobalSection(SolutionConfigurationPlatforms) = preSolution
		Debug|Any CPU = Debug|Any CPU
		Release|Any CPU = Release|Any CPU
	EndGlobalSection
	GlobalSection(ProjectConfigurationPlatforms) = postSolution
		{84617A39-B91A-452F-8432-A5E8A5E2E5B2}.Debug|Any CPU.ActiveCfg = Debug|Any CPU
		{84617A39-B91A-452F-8432-A5E8A5E2E5B2}.Debug|Any CPU.Build.0 = Debug|Any CPU
		{84617A39-B91A-452F-8432-A5E8A5E2E5B2}.Release|Any CPU.ActiveCfg = Release|Any CPU
		{84617A39-B91A-452F-8432-A5E8A5E2E5B2}.Release|Any CPU.Build.0 = Release|Any CPU
	EndGlobalSection
	GlobalSection(SolutionProperties) = preSolution
		HideSolutionNode = FALSE
	EndGlobalSection
	GlobalSection(ExtensibilityGlobals) = postSolution
		SolutionGuid = {86642D32-D2B1-4A0E-9EEC-6BB7FAF10734}
	EndGlobalSection
EndGlobal
